
Microsoft Visual Studio Solution File, Format Version 12.00
# Visual Studio Version 17
VisualStudioVersion = 17.14.36310.24 d17.14
MinimumVisualStudioVersion = 10.0.40219.1
Project("{FAE04EC0-301F-11D3-BF4B-00C04F79EFBC}") = "NZWalks.API", "NZWalks.API\NZWalks.API.csproj", "{C73256A8-46C0-4D1D-8AC7-AC5D4BF2D428}"
EndProject
Global
	GlobalSection(SolutionConfigurationPlatforms) = preSolution
		Debug|Any CPU = Debug|Any CPU
		Release|Any CPU = Release|Any CPU
	EndGlobalSection
	GlobalSection(ProjectConfigurationPlatforms) = postSolution
		{C73256A8-46C0-4D1D-8AC7-AC5D4BF2D428}.Debug|Any CPU.ActiveCfg = Debug|Any CPU
		{C73256A8-46C0-4D1D-8AC7-AC5D4BF2D428}.Debug|Any CPU.Build.0 = Debug|Any CPU
		{C73256A8-46C0-4D1D-8AC7-AC5D4BF2D428}.Release|Any CPU.ActiveCfg = Release|Any CPU
		{C73256A8-46C0-4D1D-8AC7-AC5D4BF2D428}.Release|Any CPU.Build.0 = Release|Any CPU
	EndGlobalSection
	GlobalSection(SolutionProperties) = preSolution
		HideSolutionNode = FALSE
	EndGlobalSection
	GlobalSection(ExtensibilityGlobals) = postSolution
		SolutionGuid = {E2A11504-3FB3-482D-8EFC-9A0141EB2C8F}
	EndGlobalSection
EndGlobal
